// !$*UTF8*$!
{
	archiveVersion = 1;
	classes = {
	};
	objectVersion = 55;
	objects = {

/* Begin PBXBuildFile section */
		4921CF74291BAAA0004CC9AB /* AppDelegate.swift in Sources */ = {isa = PBXBuildFile; fileRef = 4921CF73291BAAA0004CC9AB /* AppDelegate.swift */; };
		4921CF76291BAAA0004CC9AB /* SceneDelegate.swift in Sources */ = {isa = PBXBuildFile; fileRef = 4921CF75291BAAA0004CC9AB /* SceneDelegate.swift */; };
		4921CF78291BAAA0004CC9AB /* ShopViewController.swift in Sources */ = {isa = PBXBuildFile; fileRef = 4921CF77291BAAA0004CC9AB /* ShopViewController.swift */; };
		4921CF80291BAAA2004CC9AB /* Assets.xcassets in Resources */ = {isa = PBXBuildFile; fileRef = 4921CF7F291BAAA2004CC9AB /* Assets.xcassets */; };
		4921CF83291BAAA2004CC9AB /* LaunchScreen.storyboard in Resources */ = {isa = PBXBuildFile; fileRef = 4921CF81291BAAA2004CC9AB /* LaunchScreen.storyboard */; };
		4921CF8D291BAF1F004CC9AB /* TabBarController.swift in Sources */ = {isa = PBXBuildFile; fileRef = 4921CF8C291BAF1F004CC9AB /* TabBarController.swift */; };
		4921CF8F291BBB5D004CC9AB /* AboutViewController.swift in Sources */ = {isa = PBXBuildFile; fileRef = 4921CF8E291BBB5D004CC9AB /* AboutViewController.swift */; };
		4921CF91291BCD8D004CC9AB /* UIColorExtension.swift in Sources */ = {isa = PBXBuildFile; fileRef = 4921CF90291BCD8D004CC9AB /* UIColorExtension.swift */; };
		493D3363291BF73600327AD1 /* ShopViewCell.swift in Sources */ = {isa = PBXBuildFile; fileRef = 493D3362291BF73600327AD1 /* ShopViewCell.swift */; };
		493D3365291CC43600327AD1 /* FetchResultModel.swift in Sources */ = {isa = PBXBuildFile; fileRef = 493D3364291CC43600327AD1 /* FetchResultModel.swift */; };
		493D3367291CD69800327AD1 /* StringExtension.swift in Sources */ = {isa = PBXBuildFile; fileRef = 493D3366291CD69800327AD1 /* StringExtension.swift */; };
		493D3369291CE50800327AD1 /* NetworkService.swift in Sources */ = {isa = PBXBuildFile; fileRef = 493D3368291CE50800327AD1 /* NetworkService.swift */; };
		493D336B291CF84200327AD1 /* UIImageViewExtension.swift in Sources */ = {isa = PBXBuildFile; fileRef = 493D336A291CF84200327AD1 /* UIImageViewExtension.swift */; };
		493D336D291D3EC100327AD1 /* DetailViewController.swift in Sources */ = {isa = PBXBuildFile; fileRef = 493D336C291D3EC100327AD1 /* DetailViewController.swift */; };
		493D336F291D491E00327AD1 /* DetailCell.swift in Sources */ = {isa = PBXBuildFile; fileRef = 493D336E291D491E00327AD1 /* DetailCell.swift */; };
		493D3371291D52C900327AD1 /* PhotoScrollCell.swift in Sources */ = {isa = PBXBuildFile; fileRef = 493D3370291D52C900327AD1 /* PhotoScrollCell.swift */; };
		493D3379291E5C2F00327AD1 /* ProductModel.swift in Sources */ = {isa = PBXBuildFile; fileRef = 493D3378291E5C2F00327AD1 /* ProductModel.swift */; };
/* End PBXBuildFile section */

/* Begin PBXFileReference section */
		4921CF70291BAAA0004CC9AB /* Beeline Test Task.app */ = {isa = PBXFileReference; explicitFileType = wrapper.application; includeInIndex = 0; path = "Beeline Test Task.app"; sourceTree = BUILT_PRODUCTS_DIR; };
		4921CF73291BAAA0004CC9AB /* AppDelegate.swift */ = {isa = PBXFileReference; lastKnownFileType = sourcecode.swift; path = AppDelegate.swift; sourceTree = "<group>"; };
		4921CF75291BAAA0004CC9AB /* SceneDelegate.swift */ = {isa = PBXFileReference; lastKnownFileType = sourcecode.swift; path = SceneDelegate.swift; sourceTree = "<group>"; };
		4921CF77291BAAA0004CC9AB /* ShopViewController.swift */ = {isa = PBXFileReference; lastKnownFileType = sourcecode.swift; path = ShopViewController.swift; sourceTree = "<group>"; };
		4921CF7F291BAAA2004CC9AB /* Assets.xcassets */ = {isa = PBXFileReference; lastKnownFileType = folder.assetcatalog; path = Assets.xcassets; sourceTree = "<group>"; };
		4921CF82291BAAA2004CC9AB /* Base */ = {isa = PBXFileReference; lastKnownFileType = file.storyboard; name = Base; path = Base.lproj/LaunchScreen.storyboard; sourceTree = "<group>"; };
		4921CF84291BAAA2004CC9AB /* Info.plist */ = {isa = PBXFileReference; lastKnownFileType = text.plist.xml; path = Info.plist; sourceTree = "<group>"; };
		4921CF8C291BAF1F004CC9AB /* TabBarController.swift */ = {isa = PBXFileReference; lastKnownFileType = sourcecode.swift; path = TabBarController.swift; sourceTree = "<group>"; };
		4921CF8E291BBB5D004CC9AB /* AboutViewController.swift */ = {isa = PBXFileReference; lastKnownFileType = sourcecode.swift; path = AboutViewController.swift; sourceTree = "<group>"; };
		4921CF90291BCD8D004CC9AB /* UIColorExtension.swift */ = {isa = PBXFileReference; lastKnownFileType = sourcecode.swift; path = UIColorExtension.swift; sourceTree = "<group>"; };
		493D3362291BF73600327AD1 /* ShopViewCell.swift */ = {isa = PBXFileReference; lastKnownFileType = sourcecode.swift; path = ShopViewCell.swift; sourceTree = "<group>"; };
		493D3364291CC43600327AD1 /* FetchResultModel.swift */ = {isa = PBXFileReference; lastKnownFileType = sourcecode.swift; path = FetchResultModel.swift; sourceTree = "<group>"; };
		493D3366291CD69800327AD1 /* StringExtension.swift */ = {isa = PBXFileReference; lastKnownFileType = sourcecode.swift; path = StringExtension.swift; sourceTree = "<group>"; };
		493D3368291CE50800327AD1 /* NetworkService.swift */ = {isa = PBXFileReference; lastKnownFileType = sourcecode.swift; path = NetworkService.swift; sourceTree = "<group>"; };
		493D336A291CF84200327AD1 /* UIImageViewExtension.swift */ = {isa = PBXFileReference; lastKnownFileType = sourcecode.swift; path = UIImageViewExtension.swift; sourceTree = "<group>"; };
		493D336C291D3EC100327AD1 /* DetailViewController.swift */ = {isa = PBXFileReference; lastKnownFileType = sourcecode.swift; path = DetailViewController.swift; sourceTree = "<group>"; };
		493D336E291D491E00327AD1 /* DetailCell.swift */ = {isa = PBXFileReference; lastKnownFileType = sourcecode.swift; path = DetailCell.swift; sourceTree = "<group>"; };
		493D3370291D52C900327AD1 /* PhotoScrollCell.swift */ = {isa = PBXFileReference; lastKnownFileType = sourcecode.swift; path = PhotoScrollCell.swift; sourceTree = "<group>"; };
		493D3378291E5C2F00327AD1 /* ProductModel.swift */ = {isa = PBXFileReference; lastKnownFileType = sourcecode.swift; path = ProductModel.swift; sourceTree = "<group>"; };
/* End PBXFileReference section */

/* Begin PBXFrameworksBuildPhase section */
		4921CF6D291BAAA0004CC9AB /* Frameworks */ = {
			isa = PBXFrameworksBuildPhase;
			buildActionMask = 2147483647;
			files = (
			);
			runOnlyForDeploymentPostprocessing = 0;
		};
/* End PBXFrameworksBuildPhase section */

/* Begin PBXGroup section */
		4921CF67291BAAA0004CC9AB = {
			isa = PBXGroup;
			children = (
				4921CF72291BAAA0004CC9AB /* Beeline Test Task */,
				4921CF71291BAAA0004CC9AB /* Products */,
			);
			sourceTree = "<group>";
		};
		4921CF71291BAAA0004CC9AB /* Products */ = {
			isa = PBXGroup;
			children = (
				4921CF70291BAAA0004CC9AB /* Beeline Test Task.app */,
			);
			name = Products;
			sourceTree = "<group>";
		};
		4921CF72291BAAA0004CC9AB /* Beeline Test Task */ = {
			isa = PBXGroup;
			children = (
				493D3377291E5BE000327AD1 /* View Conrollers */,
				493D3375291E5B7800327AD1 /* Views */,
				493D3372291E5AAE00327AD1 /* Model */,
				493D3373291E5AC200327AD1 /* Extensions */,
				493D3374291E5AF200327AD1 /* Services */,
				4921CF73291BAAA0004CC9AB /* AppDelegate.swift */,
				4921CF75291BAAA0004CC9AB /* SceneDelegate.swift */,
				4921CF7F291BAAA2004CC9AB /* Assets.xcassets */,
				4921CF81291BAAA2004CC9AB /* LaunchScreen.storyboard */,
				4921CF84291BAAA2004CC9AB /* Info.plist */,
			);
			path = "Beeline Test Task";
			sourceTree = "<group>";
		};
		493D3372291E5AAE00327AD1 /* Model */ = {
			isa = PBXGroup;
			children = (
				493D3364291CC43600327AD1 /* FetchResultModel.swift */,
				493D3378291E5C2F00327AD1 /* ProductModel.swift */,
			);
			path = Model;
			sourceTree = "<group>";
		};
		493D3373291E5AC200327AD1 /* Extensions */ = {
			isa = PBXGroup;
			children = (
				4921CF90291BCD8D004CC9AB /* UIColorExtension.swift */,
				493D336A291CF84200327AD1 /* UIImageViewExtension.swift */,
				493D3366291CD69800327AD1 /* StringExtension.swift */,
			);
			path = Extensions;
			sourceTree = "<group>";
		};
		493D3374291E5AF200327AD1 /* Services */ = {
			isa = PBXGroup;
			children = (
				493D3368291CE50800327AD1 /* NetworkService.swift */,
			);
			path = Services;
			sourceTree = "<group>";
		};
		493D3375291E5B7800327AD1 /* Views */ = {
			isa = PBXGroup;
			children = (
				493D3362291BF73600327AD1 /* ShopViewCell.swift */,
				493D3376291E5BA100327AD1 /* Detail View */,
			);
			path = Views;
			sourceTree = "<group>";
		};
		493D3376291E5BA100327AD1 /* Detail View */ = {
			isa = PBXGroup;
			children = (
				493D3370291D52C900327AD1 /* PhotoScrollCell.swift */,
				493D336E291D491E00327AD1 /* DetailCell.swift */,
			);
			path = "Detail View";
			sourceTree = "<group>";
		};
		493D3377291E5BE000327AD1 /* View Conrollers */ = {
			isa = PBXGroup;
			children = (
				4921CF8C291BAF1F004CC9AB /* TabBarController.swift */,
				4921CF8E291BBB5D004CC9AB /* AboutViewController.swift */,
				4921CF77291BAAA0004CC9AB /* ShopViewController.swift */,
				493D336C291D3EC100327AD1 /* DetailViewController.swift */,
			);
			path = "View Conrollers";
			sourceTree = "<group>";
		};
/* End PBXGroup section */

/* Begin PBXNativeTarget section */
		4921CF6F291BAAA0004CC9AB /* Beeline Test Task */ = {
			isa = PBXNativeTarget;
			buildConfigurationList = 4921CF87291BAAA2004CC9AB /* Build configuration list for PBXNativeTarget "Beeline Test Task" */;
			buildPhases = (
				4921CF6C291BAAA0004CC9AB /* Sources */,
				4921CF6D291BAAA0004CC9AB /* Frameworks */,
				4921CF6E291BAAA0004CC9AB /* Resources */,
			);
			buildRules = (
			);
			dependencies = (
			);
			name = "Beeline Test Task";
			productName = "Beeline Test Task";
			productReference = 4921CF70291BAAA0004CC9AB /* Beeline Test Task.app */;
			productType = "com.apple.product-type.application";
		};
/* End PBXNativeTarget section */

/* Begin PBXProject section */
		4921CF68291BAAA0004CC9AB /* Project object */ = {
			isa = PBXProject;
			attributes = {
				BuildIndependentTargetsInParallel = 1;
				LastSwiftUpdateCheck = 1340;
				LastUpgradeCheck = 1340;
				TargetAttributes = {
					4921CF6F291BAAA0004CC9AB = {
						CreatedOnToolsVersion = 13.4.1;
					};
				};
			};
			buildConfigurationList = 4921CF6B291BAAA0004CC9AB /* Build configuration list for PBXProject "Beeline Test Task" */;
			compatibilityVersion = "Xcode 13.0";
			developmentRegion = en;
			hasScannedForEncodings = 0;
			knownRegions = (
				en,
				Base,
			);
			mainGroup = 4921CF67291BAAA0004CC9AB;
			productRefGroup = 4921CF71291BAAA0004CC9AB /* Products */;
			projectDirPath = "";
			projectRoot = "";
			targets = (
				4921CF6F291BAAA0004CC9AB /* Beeline Test Task */,
			);
		};
/* End PBXProject section */

/* Begin PBXResourcesBuildPhase section */
		4921CF6E291BAAA0004CC9AB /* Resources */ = {
			isa = PBXResourcesBuildPhase;
			buildActionMask = 2147483647;
			files = (
				4921CF83291BAAA2004CC9AB /* LaunchScreen.storyboard in Resources */,
				4921CF80291BAAA2004CC9AB /* Assets.xcassets in Resources */,
			);
			runOnlyForDeploymentPostprocessing = 0;
		};
/* End PBXResourcesBuildPhase section */

/* Begin PBXSourcesBuildPhase section */
		4921CF6C291BAAA0004CC9AB /* Sources */ = {
			isa = PBXSourcesBuildPhase;
			buildActionMask = 2147483647;
			files = (
				493D3371291D52C900327AD1 /* PhotoScrollCell.swift in Sources */,
				4921CF8F291BBB5D004CC9AB /* AboutViewController.swift in Sources */,
				4921CF91291BCD8D004CC9AB /* UIColorExtension.swift in Sources */,
				493D336B291CF84200327AD1 /* UIImageViewExtension.swift in Sources */,
				493D3367291CD69800327AD1 /* StringExtension.swift in Sources */,
				493D3363291BF73600327AD1 /* ShopViewCell.swift in Sources */,
				4921CF78291BAAA0004CC9AB /* ShopViewController.swift in Sources */,
				493D3369291CE50800327AD1 /* NetworkService.swift in Sources */,
				4921CF74291BAAA0004CC9AB /* AppDelegate.swift in Sources */,
				493D336D291D3EC100327AD1 /* DetailViewController.swift in Sources */,
				4921CF76291BAAA0004CC9AB /* SceneDelegate.swift in Sources */,
				493D336F291D491E00327AD1 /* DetailCell.swift in Sources */,
				4921CF8D291BAF1F004CC9AB /* TabBarController.swift in Sources */,
				493D3365291CC43600327AD1 /* FetchResultModel.swift in Sources */,
				493D3379291E5C2F00327AD1 /* ProductModel.swift in Sources */,
			);
			runOnlyForDeploymentPostprocessing = 0;
		};
/* End PBXSourcesBuildPhase section */

/* Begin PBXVariantGroup section */
		4921CF81291BAAA2004CC9AB /* LaunchScreen.storyboard */ = {
			isa = PBXVariantGroup;
			children = (
				4921CF82291BAAA2004CC9AB /* Base */,
			);
			name = LaunchScreen.storyboard;
			sourceTree = "<group>";
		};
/* End PBXVariantGroup section */

/* Begin XCBuildConfiguration section */
		4921CF85291BAAA2004CC9AB /* Debug */ = {
			isa = XCBuildConfiguration;
			buildSettings = {
				ALWAYS_SEARCH_USER_PATHS = NO;
				CLANG_ANALYZER_NONNULL = YES;
				CLANG_ANALYZER_NUMBER_OBJECT_CONVERSION = YES_AGGRESSIVE;
				CLANG_CXX_LANGUAGE_STANDARD = "gnu++17";
				CLANG_ENABLE_MODULES = YES;
				CLANG_ENABLE_OBJC_ARC = YES;
				CLANG_ENABLE_OBJC_WEAK = YES;
				CLANG_WARN_BLOCK_CAPTURE_AUTORELEASING = YES;
				CLANG_WARN_BOOL_CONVERSION = YES;
				CLANG_WARN_COMMA = YES;
				CLANG_WARN_CONSTANT_CONVERSION = YES;
				CLANG_WARN_DEPRECATED_OBJC_IMPLEMENTATIONS = YES;
				CLANG_WARN_DIRECT_OBJC_ISA_USAGE = YES_ERROR;
				CLANG_WARN_DOCUMENTATION_COMMENTS = YES;
				CLANG_WARN_EMPTY_BODY = YES;
				CLANG_WARN_ENUM_CONVERSION = YES;
				CLANG_WARN_INFINITE_RECURSION = YES;
				CLANG_WARN_INT_CONVERSION = YES;
				CLANG_WARN_NON_LITERAL_NULL_CONVERSION = YES;
				CLANG_WARN_OBJC_IMPLICIT_RETAIN_SELF = YES;
				CLANG_WARN_OBJC_LITERAL_CONVERSION = YES;
				CLANG_WARN_OBJC_ROOT_CLASS = YES_ERROR;
				CLANG_WARN_QUOTED_INCLUDE_IN_FRAMEWORK_HEADER = YES;
				CLANG_WARN_RANGE_LOOP_ANALYSIS = YES;
				CLANG_WARN_STRICT_PROTOTYPES = YES;
				CLANG_WARN_SUSPICIOUS_MOVE = YES;
				CLANG_WARN_UNGUARDED_AVAILABILITY = YES_AGGRESSIVE;
				CLANG_WARN_UNREACHABLE_CODE = YES;
				CLANG_WARN__DUPLICATE_METHOD_MATCH = YES;
				COPY_PHASE_STRIP = NO;
				DEBUG_INFORMATION_FORMAT = dwarf;
				ENABLE_STRICT_OBJC_MSGSEND = YES;
				ENABLE_TESTABILITY = YES;
				GCC_C_LANGUAGE_STANDARD = gnu11;
				GCC_DYNAMIC_NO_PIC = NO;
				GCC_NO_COMMON_BLOCKS = YES;
				GCC_OPTIMIZATION_LEVEL = 0;
				GCC_PREPROCESSOR_DEFINITIONS = (
					"DEBUG=1",
					"$(inherited)",
				);
				GCC_WARN_64_TO_32_BIT_CONVERSION = YES;
				GCC_WARN_ABOUT_RETURN_TYPE = YES_ERROR;
				GCC_WARN_UNDECLARED_SELECTOR = YES;
				GCC_WARN_UNINITIALIZED_AUTOS = YES_AGGRESSIVE;
				GCC_WARN_UNUSED_FUNCTION = YES;
				GCC_WARN_UNUSED_VARIABLE = YES;
				IPHONEOS_DEPLOYMENT_TARGET = 15.5;
				MTL_ENABLE_DEBUG_INFO = INCLUDE_SOURCE;
				MTL_FAST_MATH = YES;
				ONLY_ACTIVE_ARCH = YES;
				SDKROOT = iphoneos;
				SWIFT_ACTIVE_COMPILATION_CONDITIONS = DEBUG;
				SWIFT_OPTIMIZATION_LEVEL = "-Onone";
			};
			name = Debug;
		};
		4921CF86291BAAA2004CC9AB /* Release */ = {
			isa = XCBuildConfiguration;
			buildSettings = {
				ALWAYS_SEARCH_USER_PATHS = NO;
				CLANG_ANALYZER_NONNULL = YES;
				CLANG_ANALYZER_NUMBER_OBJECT_CONVERSION = YES_AGGRESSIVE;
				CLANG_CXX_LANGUAGE_STANDARD = "gnu++17";
				CLANG_ENABLE_MODULES = YES;
				CLANG_ENABLE_OBJC_ARC = YES;
				CLANG_ENABLE_OBJC_WEAK = YES;
				CLANG_WARN_BLOCK_CAPTURE_AUTORELEASING = YES;
				CLANG_WARN_BOOL_CONVERSION = YES;
				CLANG_WARN_COMMA = YES;
				CLANG_WARN_CONSTANT_CONVERSION = YES;
				CLANG_WARN_DEPRECATED_OBJC_IMPLEMENTATIONS = YES;
				CLANG_WARN_DIRECT_OBJC_ISA_USAGE = YES_ERROR;
				CLANG_WARN_DOCUMENTATION_COMMENTS = YES;
				CLANG_WARN_EMPTY_BODY = YES;
				CLANG_WARN_ENUM_CONVERSION = YES;
				CLANG_WARN_INFINITE_RECURSION = YES;
				CLANG_WARN_INT_CONVERSION = YES;
				CLANG_WARN_NON_LITERAL_NULL_CONVERSION = YES;
				CLANG_WARN_OBJC_IMPLICIT_RETAIN_SELF = YES;
				CLANG_WARN_OBJC_LITERAL_CONVERSION = YES;
				CLANG_WARN_OBJC_ROOT_CLASS = YES_ERROR;
				CLANG_WARN_QUOTED_INCLUDE_IN_FRAMEWORK_HEADER = YES;
				CLANG_WARN_RANGE_LOOP_ANALYSIS = YES;
				CLANG_WARN_STRICT_PROTOTYPES = YES;
				CLANG_WARN_SUSPICIOUS_MOVE = YES;
				CLANG_WARN_UNGUARDED_AVAILABILITY = YES_AGGRESSIVE;
				CLANG_WARN_UNREACHABLE_CODE = YES;
				CLANG_WARN__DUPLICATE_METHOD_MATCH = YES;
				COPY_PHASE_STRIP = NO;
				DEBUG_INFORMATION_FORMAT = "dwarf-with-dsym";
				ENABLE_NS_ASSERTIONS = NO;
				ENABLE_STRICT_OBJC_MSGSEND = YES;
				GCC_C_LANGUAGE_STANDARD = gnu11;
				GCC_NO_COMMON_BLOCKS = YES;
				GCC_WARN_64_TO_32_BIT_CONVERSION = YES;
				GCC_WARN_ABOUT_RETURN_TYPE = YES_ERROR;
				GCC_WARN_UNDECLARED_SELECTOR = YES;
				GCC_WARN_UNINITIALIZED_AUTOS = YES_AGGRESSIVE;
				GCC_WARN_UNUSED_FUNCTION = YES;
				GCC_WARN_UNUSED_VARIABLE = YES;
				IPHONEOS_DEPLOYMENT_TARGET = 15.5;
				MTL_ENABLE_DEBUG_INFO = NO;
				MTL_FAST_MATH = YES;
				SDKROOT = iphoneos;
				SWIFT_COMPILATION_MODE = wholemodule;
				SWIFT_OPTIMIZATION_LEVEL = "-O";
				VALIDATE_PRODUCT = YES;
			};
			name = Release;
		};
		4921CF88291BAAA2004CC9AB /* Debug */ = {
			isa = XCBuildConfiguration;
			buildSettings = {
				ASSETCATALOG_COMPILER_APPICON_NAME = AppIcon;
				ASSETCATALOG_COMPILER_GLOBAL_ACCENT_COLOR_NAME = AccentColor;
				CODE_SIGN_STYLE = Automatic;
				CURRENT_PROJECT_VERSION = 1;
				GENERATE_INFOPLIST_FILE = YES;
				INFOPLIST_FILE = "Beeline Test Task/Info.plist";
				INFOPLIST_KEY_UIApplicationSupportsIndirectInputEvents = YES;
				INFOPLIST_KEY_UILaunchStoryboardName = LaunchScreen;
				INFOPLIST_KEY_UISupportedInterfaceOrientations_iPad = "UIInterfaceOrientationPortrait UIInterfaceOrientationPortraitUpsideDown UIInterfaceOrientationLandscapeLeft UIInterfaceOrientationLandscapeRight";
				INFOPLIST_KEY_UISupportedInterfaceOrientations_iPhone = "UIInterfaceOrientationPortrait UIInterfaceOrientationLandscapeLeft UIInterfaceOrientationLandscapeRight";
				LD_RUNPATH_SEARCH_PATHS = (
					"$(inherited)",
					"@executable_path/Frameworks",
				);
				MARKETING_VERSION = 1.0;
				PRODUCT_BUNDLE_IDENTIFIER = "Apps.Beeline-Test-Task";
				PRODUCT_NAME = "$(TARGET_NAME)";
				SWIFT_EMIT_LOC_STRINGS = YES;
				SWIFT_VERSION = 5.0;
				TARGETED_DEVICE_FAMILY = "1,2";
			};
			name = Debug;
		};
		4921CF89291BAAA2004CC9AB /* Release */ = {
			isa = XCBuildConfiguration;
			buildSettings = {
				ASSETCATALOG_COMPILER_APPICON_NAME = AppIcon;
				ASSETCATALOG_COMPILER_GLOBAL_ACCENT_COLOR_NAME = AccentColor;
				CODE_SIGN_STYLE = Automatic;
				CURRENT_PROJECT_VERSION = 1;
				GENERATE_INFOPLIST_FILE = YES;
				INFOPLIST_FILE = "Beeline Test Task/Info.plist";
				INFOPLIST_KEY_UIApplicationSupportsIndirectInputEvents = YES;
				INFOPLIST_KEY_UILaunchStoryboardName = LaunchScreen;
				INFOPLIST_KEY_UISupportedInterfaceOrientations_iPad = "UIInterfaceOrientationPortrait UIInterfaceOrientationPortraitUpsideDown UIInterfaceOrientationLandscapeLeft UIInterfaceOrientationLandscapeRight";
				INFOPLIST_KEY_UISupportedInterfaceOrientations_iPhone = "UIInterfaceOrientationPortrait UIInterfaceOrientationLandscapeLeft UIInterfaceOrientationLandscapeRight";
				LD_RUNPATH_SEARCH_PATHS = (
					"$(inherited)",
					"@executable_path/Frameworks",
				);
				MARKETING_VERSION = 1.0;
				PRODUCT_BUNDLE_IDENTIFIER = "Apps.Beeline-Test-Task";
				PRODUCT_NAME = "$(TARGET_NAME)";
				SWIFT_EMIT_LOC_STRINGS = YES;
				SWIFT_VERSION = 5.0;
				TARGETED_DEVICE_FAMILY = "1,2";
			};
			name = Release;
		};
/* End XCBuildConfiguration section */

/* Begin XCConfigurationList section */
		4921CF6B291BAAA0004CC9AB /* Build configuration list for PBXProject "Beeline Test Task" */ = {
			isa = XCConfigurationList;
			buildConfigurations = (
				4921CF85291BAAA2004CC9AB /* Debug */,
				4921CF86291BAAA2004CC9AB /* Release */,
			);
			defaultConfigurationIsVisible = 0;
			defaultConfigurationName = Release;
		};
		4921CF87291BAAA2004CC9AB /* Build configuration list for PBXNativeTarget "Beeline Test Task" */ = {
			isa = XCConfigurationList;
			buildConfigurations = (
				4921CF88291BAAA2004CC9AB /* Debug */,
				4921CF89291BAAA2004CC9AB /* Release */,
			);
			defaultConfigurationIsVisible = 0;
			defaultConfigurationName = Release;
		};
/* End XCConfigurationList section */
	};
	rootObject = 4921CF68291BAAA0004CC9AB /* Project object */;
}
